// !$*UTF8*$!
{
	archiveVersion = 1;
	classes = {
	};
	objectVersion = 56;
	objects = {

/* Begin PBXBuildFile section */
		9402C3572B15C84E00A84A71 /* Splash_Screen.swift in Sources */ = {isa = PBXBuildFile; fileRef = 9402C3562B15C84E00A84A71 /* Splash_Screen.swift */; };
		9402C3592B15ECD300A84A71 /* Main_View.swift in Sources */ = {isa = PBXBuildFile; fileRef = 9402C3582B15ECD300A84A71 /* Main_View.swift */; };
		943A6BD42B1344FC004C519E /* TaskCard.swift in Sources */ = {isa = PBXBuildFile; fileRef = 943A6BD32B1344FC004C519E /* TaskCard.swift */; };
		943A6BD62B134884004C519E /* Settings.swift in Sources */ = {isa = PBXBuildFile; fileRef = 943A6BD52B134884004C519E /* Settings.swift */; };
		946FBF922B1326600052FDA8 /* TicPic_AppApp.swift in Sources */ = {isa = PBXBuildFile; fileRef = 946FBF912B1326600052FDA8 /* TicPic_AppApp.swift */; };
		946FBF942B1326600052FDA8 /* ContentView.swift in Sources */ = {isa = PBXBuildFile; fileRef = 946FBF932B1326600052FDA8 /* ContentView.swift */; };
		946FBF962B1326610052FDA8 /* Assets.xcassets in Resources */ = {isa = PBXBuildFile; fileRef = 946FBF952B1326610052FDA8 /* Assets.xcassets */; };
		946FBF992B1326610052FDA8 /* Preview Assets.xcassets in Resources */ = {isa = PBXBuildFile; fileRef = 946FBF982B1326610052FDA8 /* Preview Assets.xcassets */; };
		946FBFA12B1326800052FDA8 /* TaskViewModel.swift in Sources */ = {isa = PBXBuildFile; fileRef = 946FBFA02B1326800052FDA8 /* TaskViewModel.swift */; };
		94922DD12B1681B600BA99C2 /* Invetations.swift in Sources */ = {isa = PBXBuildFile; fileRef = 94922DD02B1681B600BA99C2 /* Invetations.swift */; };
		94922DD32B1681D100BA99C2 /* Follwers.swift in Sources */ = {isa = PBXBuildFile; fileRef = 94922DD22B1681D100BA99C2 /* Follwers.swift */; };
		94922DD52B1681E700BA99C2 /* ImagesView.swift in Sources */ = {isa = PBXBuildFile; fileRef = 94922DD42B1681E700BA99C2 /* ImagesView.swift */; };
		94922DD72B1681FB00BA99C2 /* CamiraView.swift in Sources */ = {isa = PBXBuildFile; fileRef = 94922DD62B1681FB00BA99C2 /* CamiraView.swift */; };
		94922DD92B16820F00BA99C2 /* posts.swift in Sources */ = {isa = PBXBuildFile; fileRef = 94922DD82B16820F00BA99C2 /* posts.swift */; };
		94922DDB2B16822800BA99C2 /* User.swift in Sources */ = {isa = PBXBuildFile; fileRef = 94922DDA2B16822800BA99C2 /* User.swift */; };
		94922DDD2B16823C00BA99C2 /* coordinator.swift in Sources */ = {isa = PBXBuildFile; fileRef = 94922DDC2B16823C00BA99C2 /* coordinator.swift */; };
		94922DDF2B16824E00BA99C2 /* ImagePickerView.swift in Sources */ = {isa = PBXBuildFile; fileRef = 94922DDE2B16824E00BA99C2 /* ImagePickerView.swift */; };
		94DAC0372B1468C20077CEB8 /* NavigationBar.swift in Sources */ = {isa = PBXBuildFile; fileRef = 94DAC0362B1468C20077CEB8 /* NavigationBar.swift */; };
		94DAC0392B146A0E0077CEB8 /* Friends.swift in Sources */ = {isa = PBXBuildFile; fileRef = 94DAC0382B146A0E0077CEB8 /* Friends.swift */; };
		94E52BCD2B132A88007D3126 /* Add_Task.swift in Sources */ = {isa = PBXBuildFile; fileRef = 94E52BCC2B132A88007D3126 /* Add_Task.swift */; };
		94E52BCF2B132A98007D3126 /* Edit_task.swift in Sources */ = {isa = PBXBuildFile; fileRef = 94E52BCE2B132A98007D3126 /* Edit_task.swift */; };
		94E52BD12B132CD8007D3126 /* Calender.swift in Sources */ = {isa = PBXBuildFile; fileRef = 94E52BD02B132CD8007D3126 /* Calender.swift */; };
		94E52BD72B132FEB007D3126 /* SwiftUIView.swift in Sources */ = {isa = PBXBuildFile; fileRef = 94E52BD62B132FEB007D3126 /* SwiftUIView.swift */; };
		94F773922B171A0D00482362 /* Friends2.swift in Sources */ = {isa = PBXBuildFile; fileRef = 94F773912B171A0D00482362 /* Friends2.swift */; };
/* End PBXBuildFile section */

/* Begin PBXFileReference section */
		9402C3562B15C84E00A84A71 /* Splash_Screen.swift */ = {isa = PBXFileReference; lastKnownFileType = sourcecode.swift; path = Splash_Screen.swift; sourceTree = "<group>"; };
		9402C3582B15ECD300A84A71 /* Main_View.swift */ = {isa = PBXFileReference; lastKnownFileType = sourcecode.swift; path = Main_View.swift; sourceTree = "<group>"; };
		940F43952B132781009A530D /* TicPic_App.entitlements */ = {isa = PBXFileReference; lastKnownFileType = text.plist.entitlements; path = TicPic_App.entitlements; sourceTree = "<group>"; };
		943A6BD32B1344FC004C519E /* TaskCard.swift */ = {isa = PBXFileReference; lastKnownFileType = sourcecode.swift; path = TaskCard.swift; sourceTree = "<group>"; };
		943A6BD52B134884004C519E /* Settings.swift */ = {isa = PBXFileReference; lastKnownFileType = sourcecode.swift; path = Settings.swift; sourceTree = "<group>"; };
		946FBF8E2B1326600052FDA8 /* TicPic_App.app */ = {isa = PBXFileReference; explicitFileType = wrapper.application; includeInIndex = 0; path = TicPic_App.app; sourceTree = BUILT_PRODUCTS_DIR; };
		946FBF912B1326600052FDA8 /* TicPic_AppApp.swift */ = {isa = PBXFileReference; lastKnownFileType = sourcecode.swift; path = TicPic_AppApp.swift; sourceTree = "<group>"; };
		946FBF932B1326600052FDA8 /* ContentView.swift */ = {isa = PBXFileReference; lastKnownFileType = sourcecode.swift; path = ContentView.swift; sourceTree = "<group>"; };
		946FBF952B1326610052FDA8 /* Assets.xcassets */ = {isa = PBXFileReference; lastKnownFileType = folder.assetcatalog; path = Assets.xcassets; sourceTree = "<group>"; };
		946FBF982B1326610052FDA8 /* Preview Assets.xcassets */ = {isa = PBXFileReference; lastKnownFileType = folder.assetcatalog; path = "Preview Assets.xcassets"; sourceTree = "<group>"; };
		946FBFA02B1326800052FDA8 /* TaskViewModel.swift */ = {isa = PBXFileReference; lastKnownFileType = sourcecode.swift; path = TaskViewModel.swift; sourceTree = "<group>"; };
		94922DD02B1681B600BA99C2 /* Invetations.swift */ = {isa = PBXFileReference; lastKnownFileType = sourcecode.swift; path = Invetations.swift; sourceTree = "<group>"; };
		94922DD22B1681D100BA99C2 /* Follwers.swift */ = {isa = PBXFileReference; lastKnownFileType = sourcecode.swift; path = Follwers.swift; sourceTree = "<group>"; };
		94922DD42B1681E700BA99C2 /* ImagesView.swift */ = {isa = PBXFileReference; lastKnownFileType = sourcecode.swift; path = ImagesView.swift; sourceTree = "<group>"; };
		94922DD62B1681FB00BA99C2 /* CamiraView.swift */ = {isa = PBXFileReference; lastKnownFileType = sourcecode.swift; path = CamiraView.swift; sourceTree = "<group>"; };
		94922DD82B16820F00BA99C2 /* posts.swift */ = {isa = PBXFileReference; lastKnownFileType = sourcecode.swift; path = posts.swift; sourceTree = "<group>"; };
		94922DDA2B16822800BA99C2 /* User.swift */ = {isa = PBXFileReference; lastKnownFileType = sourcecode.swift; path = User.swift; sourceTree = "<group>"; };
		94922DDC2B16823C00BA99C2 /* coordinator.swift */ = {isa = PBXFileReference; lastKnownFileType = sourcecode.swift; path = coordinator.swift; sourceTree = "<group>"; };
		94922DDE2B16824E00BA99C2 /* ImagePickerView.swift */ = {isa = PBXFileReference; lastKnownFileType = sourcecode.swift; path = ImagePickerView.swift; sourceTree = "<group>"; };
		94DAC0362B1468C20077CEB8 /* NavigationBar.swift */ = {isa = PBXFileReference; lastKnownFileType = sourcecode.swift; path = NavigationBar.swift; sourceTree = "<group>"; };
		94DAC0382B146A0E0077CEB8 /* Friends.swift */ = {isa = PBXFileReference; lastKnownFileType = sourcecode.swift; path = Friends.swift; sourceTree = "<group>"; };
		94E52BCC2B132A88007D3126 /* Add_Task.swift */ = {isa = PBXFileReference; lastKnownFileType = sourcecode.swift; path = Add_Task.swift; sourceTree = "<group>"; };
		94E52BCE2B132A98007D3126 /* Edit_task.swift */ = {isa = PBXFileReference; lastKnownFileType = sourcecode.swift; path = Edit_task.swift; sourceTree = "<group>"; };
		94E52BD02B132CD8007D3126 /* Calender.swift */ = {isa = PBXFileReference; lastKnownFileType = sourcecode.swift; path = Calender.swift; sourceTree = "<group>"; };
		94E52BD62B132FEB007D3126 /* SwiftUIView.swift */ = {isa = PBXFileReference; lastKnownFileType = sourcecode.swift; path = SwiftUIView.swift; sourceTree = "<group>"; };
		94F773912B171A0D00482362 /* Friends2.swift */ = {isa = PBXFileReference; lastKnownFileType = sourcecode.swift; path = Friends2.swift; sourceTree = "<group>"; };
/* End PBXFileReference section */

/* Begin PBXFrameworksBuildPhase section */
		946FBF8B2B1326600052FDA8 /* Frameworks */ = {
			isa = PBXFrameworksBuildPhase;
			buildActionMask = 2147483647;
			files = (
			);
			runOnlyForDeploymentPostprocessing = 0;
		};
/* End PBXFrameworksBuildPhase section */

/* Begin PBXGroup section */
		943A6BD22B1344E3004C519E /* Views */ = {
			isa = PBXGroup;
			children = (
				94E52BD02B132CD8007D3126 /* Calender.swift */,
				94E52BD62B132FEB007D3126 /* SwiftUIView.swift */,
				943A6BD52B134884004C519E /* Settings.swift */,
				94DAC0362B1468C20077CEB8 /* NavigationBar.swift */,
				9402C3562B15C84E00A84A71 /* Splash_Screen.swift */,
				94922DD22B1681D100BA99C2 /* Follwers.swift */,
				9402C3582B15ECD300A84A71 /* Main_View.swift */,
				94922DD62B1681FB00BA99C2 /* CamiraView.swift */,
				94922DD82B16820F00BA99C2 /* posts.swift */,
			);
			path = Views;
			sourceTree = "<group>";
		};
		946FBF852B1326600052FDA8 = {
			isa = PBXGroup;
			children = (
				94F773902B17085A00482362 /* Cards */,
				943A6BD22B1344E3004C519E /* Views */,
				94E52BD22B132F5A007D3126 /* Sheets */,
				946FBF9F2B1326760052FDA8 /* Models */,
				946FBF902B1326600052FDA8 /* TicPic_App */,
				946FBF8F2B1326600052FDA8 /* Products */,
			);
			sourceTree = "<group>";
		};
		946FBF8F2B1326600052FDA8 /* Products */ = {
			isa = PBXGroup;
			children = (
				946FBF8E2B1326600052FDA8 /* TicPic_App.app */,
			);
			name = Products;
			sourceTree = "<group>";
		};
		946FBF902B1326600052FDA8 /* TicPic_App */ = {
			isa = PBXGroup;
			children = (
				940F43952B132781009A530D /* TicPic_App.entitlements */,
				946FBF912B1326600052FDA8 /* TicPic_AppApp.swift */,
				946FBF932B1326600052FDA8 /* ContentView.swift */,
				946FBF952B1326610052FDA8 /* Assets.xcassets */,
				946FBF972B1326610052FDA8 /* Preview Content */,
			);
			path = TicPic_App;
			sourceTree = "<group>";
		};
		946FBF972B1326610052FDA8 /* Preview Content */ = {
			isa = PBXGroup;
			children = (
				946FBF982B1326610052FDA8 /* Preview Assets.xcassets */,
			);
			path = "Preview Content";
			sourceTree = "<group>";
		};
		946FBF9F2B1326760052FDA8 /* Models */ = {
			isa = PBXGroup;
			children = (
				946FBFA02B1326800052FDA8 /* TaskViewModel.swift */,
				94922DDA2B16822800BA99C2 /* User.swift */,
				94922DDC2B16823C00BA99C2 /* coordinator.swift */,
				94922DDE2B16824E00BA99C2 /* ImagePickerView.swift */,
			);
			path = Models;
			sourceTree = "<group>";
		};
		94E52BD22B132F5A007D3126 /* Sheets */ = {
			isa = PBXGroup;
			children = (
				94E52BCC2B132A88007D3126 /* Add_Task.swift */,
				94E52BCE2B132A98007D3126 /* Edit_task.swift */,
			);
			path = Sheets;
			sourceTree = "<group>";
		};
		94F773902B17085A00482362 /* Cards */ = {
			isa = PBXGroup;
			children = (
				94922DD02B1681B600BA99C2 /* Invetations.swift */,
				943A6BD32B1344FC004C519E /* TaskCard.swift */,
				94DAC0382B146A0E0077CEB8 /* Friends.swift */,
				94922DD42B1681E700BA99C2 /* ImagesView.swift */,
				94F773912B171A0D00482362 /* Friends2.swift */,
			);
			path = Cards;
			sourceTree = "<group>";
		};
/* End PBXGroup section */

/* Begin PBXNativeTarget section */
		946FBF8D2B1326600052FDA8 /* TicPic_App */ = {
			isa = PBXNativeTarget;
			buildConfigurationList = 946FBF9C2B1326610052FDA8 /* Build configuration list for PBXNativeTarget "TicPic_App" */;
			buildPhases = (
				946FBF8A2B1326600052FDA8 /* Sources */,
				946FBF8B2B1326600052FDA8 /* Frameworks */,
				946FBF8C2B1326600052FDA8 /* Resources */,
			);
			buildRules = (
			);
			dependencies = (
			);
			name = TicPic_App;
			productName = TicPic_App;
			productReference = 946FBF8E2B1326600052FDA8 /* TicPic_App.app */;
			productType = "com.apple.product-type.application";
		};
/* End PBXNativeTarget section */

/* Begin PBXProject section */
		946FBF862B1326600052FDA8 /* Project object */ = {
			isa = PBXProject;
			attributes = {
				BuildIndependentTargetsInParallel = 1;
				LastSwiftUpdateCheck = 1500;
				LastUpgradeCheck = 1500;
				TargetAttributes = {
					946FBF8D2B1326600052FDA8 = {
						CreatedOnToolsVersion = 15.0;
					};
				};
			};
			buildConfigurationList = 946FBF892B1326600052FDA8 /* Build configuration list for PBXProject "TicPic_App" */;
			compatibilityVersion = "Xcode 14.0";
			developmentRegion = en;
			hasScannedForEncodings = 0;
			knownRegions = (
				en,
				Base,
			);
			mainGroup = 946FBF852B1326600052FDA8;
			productRefGroup = 946FBF8F2B1326600052FDA8 /* Products */;
			projectDirPath = "";
			projectRoot = "";
			targets = (
				946FBF8D2B1326600052FDA8 /* TicPic_App */,
			);
		};
/* End PBXProject section */

/* Begin PBXResourcesBuildPhase section */
		946FBF8C2B1326600052FDA8 /* Resources */ = {
			isa = PBXResourcesBuildPhase;
			buildActionMask = 2147483647;
			files = (
				946FBF992B1326610052FDA8 /* Preview Assets.xcassets in Resources */,
				946FBF962B1326610052FDA8 /* Assets.xcassets in Resources */,
			);
			runOnlyForDeploymentPostprocessing = 0;
		};
/* End PBXResourcesBuildPhase section */

/* Begin PBXSourcesBuildPhase section */
		946FBF8A2B1326600052FDA8 /* Sources */ = {
			isa = PBXSourcesBuildPhase;
			buildActionMask = 2147483647;
			files = (
				94922DD12B1681B600BA99C2 /* Invetations.swift in Sources */,
				94E52BCD2B132A88007D3126 /* Add_Task.swift in Sources */,
				9402C3592B15ECD300A84A71 /* Main_View.swift in Sources */,
				94E52BD12B132CD8007D3126 /* Calender.swift in Sources */,
				94922DDF2B16824E00BA99C2 /* ImagePickerView.swift in Sources */,
				94E52BD72B132FEB007D3126 /* SwiftUIView.swift in Sources */,
				94922DD92B16820F00BA99C2 /* posts.swift in Sources */,
				94DAC0392B146A0E0077CEB8 /* Friends.swift in Sources */,
				9402C3572B15C84E00A84A71 /* Splash_Screen.swift in Sources */,
				946FBF942B1326600052FDA8 /* ContentView.swift in Sources */,
				94E52BCF2B132A98007D3126 /* Edit_task.swift in Sources */,
				94922DD72B1681FB00BA99C2 /* CamiraView.swift in Sources */,
				94DAC0372B1468C20077CEB8 /* NavigationBar.swift in Sources */,
				94922DDD2B16823C00BA99C2 /* coordinator.swift in Sources */,
				946FBFA12B1326800052FDA8 /* TaskViewModel.swift in Sources */,
				943A6BD62B134884004C519E /* Settings.swift in Sources */,
				94F773922B171A0D00482362 /* Friends2.swift in Sources */,
				94922DD52B1681E700BA99C2 /* ImagesView.swift in Sources */,
				943A6BD42B1344FC004C519E /* TaskCard.swift in Sources */,
				946FBF922B1326600052FDA8 /* TicPic_AppApp.swift in Sources */,
				94922DD32B1681D100BA99C2 /* Follwers.swift in Sources */,
				94922DDB2B16822800BA99C2 /* User.swift in Sources */,
			);
			runOnlyForDeploymentPostprocessing = 0;
		};
/* End PBXSourcesBuildPhase section */

/* Begin XCBuildConfiguration section */
		946FBF9A2B1326610052FDA8 /* Debug */ = {
			isa = XCBuildConfiguration;
			buildSettings = {
				ALWAYS_SEARCH_USER_PATHS = NO;
				ASSETCATALOG_COMPILER_GENERATE_SWIFT_ASSET_SYMBOL_EXTENSIONS = YES;
				CLANG_ANALYZER_NONNULL = YES;
				CLANG_ANALYZER_NUMBER_OBJECT_CONVERSION = YES_AGGRESSIVE;
				CLANG_CXX_LANGUAGE_STANDARD = "gnu++20";
				CLANG_ENABLE_MODULES = YES;
				CLANG_ENABLE_OBJC_ARC = YES;
				CLANG_ENABLE_OBJC_WEAK = YES;
				CLANG_WARN_BLOCK_CAPTURE_AUTORELEASING = YES;
				CLANG_WARN_BOOL_CONVERSION = YES;
				CLANG_WARN_COMMA = YES;
				CLANG_WARN_CONSTANT_CONVERSION = YES;
				CLANG_WARN_DEPRECATED_OBJC_IMPLEMENTATIONS = YES;
				CLANG_WARN_DIRECT_OBJC_ISA_USAGE = YES_ERROR;
				CLANG_WARN_DOCUMENTATION_COMMENTS = YES;
				CLANG_WARN_EMPTY_BODY = YES;
				CLANG_WARN_ENUM_CONVERSION = YES;
				CLANG_WARN_INFINITE_RECURSION = YES;
				CLANG_WARN_INT_CONVERSION = YES;
				CLANG_WARN_NON_LITERAL_NULL_CONVERSION = YES;
				CLANG_WARN_OBJC_IMPLICIT_RETAIN_SELF = YES;
				CLANG_WARN_OBJC_LITERAL_CONVERSION = YES;
				CLANG_WARN_OBJC_ROOT_CLASS = YES_ERROR;
				CLANG_WARN_QUOTED_INCLUDE_IN_FRAMEWORK_HEADER = YES;
				CLANG_WARN_RANGE_LOOP_ANALYSIS = YES;
				CLANG_WARN_STRICT_PROTOTYPES = YES;
				CLANG_WARN_SUSPICIOUS_MOVE = YES;
				CLANG_WARN_UNGUARDED_AVAILABILITY = YES_AGGRESSIVE;
				CLANG_WARN_UNREACHABLE_CODE = YES;
				CLANG_WARN__DUPLICATE_METHOD_MATCH = YES;
				COPY_PHASE_STRIP = NO;
				DEBUG_INFORMATION_FORMAT = dwarf;
				ENABLE_STRICT_OBJC_MSGSEND = YES;
				ENABLE_TESTABILITY = YES;
				ENABLE_USER_SCRIPT_SANDBOXING = YES;
				GCC_C_LANGUAGE_STANDARD = gnu17;
				GCC_DYNAMIC_NO_PIC = NO;
				GCC_NO_COMMON_BLOCKS = YES;
				GCC_OPTIMIZATION_LEVEL = 0;
				GCC_PREPROCESSOR_DEFINITIONS = (
					"DEBUG=1",
					"$(inherited)",
				);
				GCC_WARN_64_TO_32_BIT_CONVERSION = YES;
				GCC_WARN_ABOUT_RETURN_TYPE = YES_ERROR;
				GCC_WARN_UNDECLARED_SELECTOR = YES;
				GCC_WARN_UNINITIALIZED_AUTOS = YES_AGGRESSIVE;
				GCC_WARN_UNUSED_FUNCTION = YES;
				GCC_WARN_UNUSED_VARIABLE = YES;
				IPHONEOS_DEPLOYMENT_TARGET = 17.0;
				LOCALIZATION_PREFERS_STRING_CATALOGS = YES;
				MTL_ENABLE_DEBUG_INFO = INCLUDE_SOURCE;
				MTL_FAST_MATH = YES;
				ONLY_ACTIVE_ARCH = YES;
				SDKROOT = iphoneos;
				SWIFT_ACTIVE_COMPILATION_CONDITIONS = "DEBUG $(inherited)";
				SWIFT_OPTIMIZATION_LEVEL = "-Onone";
			};
			name = Debug;
		};
		946FBF9B2B1326610052FDA8 /* Release */ = {
			isa = XCBuildConfiguration;
			buildSettings = {
				ALWAYS_SEARCH_USER_PATHS = NO;
				ASSETCATALOG_COMPILER_GENERATE_SWIFT_ASSET_SYMBOL_EXTENSIONS = YES;
				CLANG_ANALYZER_NONNULL = YES;
				CLANG_ANALYZER_NUMBER_OBJECT_CONVERSION = YES_AGGRESSIVE;
				CLANG_CXX_LANGUAGE_STANDARD = "gnu++20";
				CLANG_ENABLE_MODULES = YES;
				CLANG_ENABLE_OBJC_ARC = YES;
				CLANG_ENABLE_OBJC_WEAK = YES;
				CLANG_WARN_BLOCK_CAPTURE_AUTORELEASING = YES;
				CLANG_WARN_BOOL_CONVERSION = YES;
				CLANG_WARN_COMMA = YES;
				CLANG_WARN_CONSTANT_CONVERSION = YES;
				CLANG_WARN_DEPRECATED_OBJC_IMPLEMENTATIONS = YES;
				CLANG_WARN_DIRECT_OBJC_ISA_USAGE = YES_ERROR;
				CLANG_WARN_DOCUMENTATION_COMMENTS = YES;
				CLANG_WARN_EMPTY_BODY = YES;
				CLANG_WARN_ENUM_CONVERSION = YES;
				CLANG_WARN_INFINITE_RECURSION = YES;
				CLANG_WARN_INT_CONVERSION = YES;
				CLANG_WARN_NON_LITERAL_NULL_CONVERSION = YES;
				CLANG_WARN_OBJC_IMPLICIT_RETAIN_SELF = YES;
				CLANG_WARN_OBJC_LITERAL_CONVERSION = YES;
				CLANG_WARN_OBJC_ROOT_CLASS = YES_ERROR;
				CLANG_WARN_QUOTED_INCLUDE_IN_FRAMEWORK_HEADER = YES;
				CLANG_WARN_RANGE_LOOP_ANALYSIS = YES;
				CLANG_WARN_STRICT_PROTOTYPES = YES;
				CLANG_WARN_SUSPICIOUS_MOVE = YES;
				CLANG_WARN_UNGUARDED_AVAILABILITY = YES_AGGRESSIVE;
				CLANG_WARN_UNREACHABLE_CODE = YES;
				CLANG_WARN__DUPLICATE_METHOD_MATCH = YES;
				COPY_PHASE_STRIP = NO;
				DEBUG_INFORMATION_FORMAT = "dwarf-with-dsym";
				ENABLE_NS_ASSERTIONS = NO;
				ENABLE_STRICT_OBJC_MSGSEND = YES;
				ENABLE_USER_SCRIPT_SANDBOXING = YES;
				GCC_C_LANGUAGE_STANDARD = gnu17;
				GCC_NO_COMMON_BLOCKS = YES;
				GCC_WARN_64_TO_32_BIT_CONVERSION = YES;
				GCC_WARN_ABOUT_RETURN_TYPE = YES_ERROR;
				GCC_WARN_UNDECLARED_SELECTOR = YES;
				GCC_WARN_UNINITIALIZED_AUTOS = YES_AGGRESSIVE;
				GCC_WARN_UNUSED_FUNCTION = YES;
				GCC_WARN_UNUSED_VARIABLE = YES;
				IPHONEOS_DEPLOYMENT_TARGET = 17.0;
				LOCALIZATION_PREFERS_STRING_CATALOGS = YES;
				MTL_ENABLE_DEBUG_INFO = NO;
				MTL_FAST_MATH = YES;
				SDKROOT = iphoneos;
				SWIFT_COMPILATION_MODE = wholemodule;
				VALIDATE_PRODUCT = YES;
			};
			name = Release;
		};
		946FBF9D2B1326610052FDA8 /* Debug */ = {
			isa = XCBuildConfiguration;
			buildSettings = {
				ASSETCATALOG_COMPILER_APPICON_NAME = AppIcon;
				ASSETCATALOG_COMPILER_GLOBAL_ACCENT_COLOR_NAME = AccentColor;
				CODE_SIGN_ENTITLEMENTS = TicPic_App/TicPic_App.entitlements;
				CODE_SIGN_STYLE = Automatic;
				CURRENT_PROJECT_VERSION = 1;
				DEVELOPMENT_ASSET_PATHS = "\"TicPic_App/Preview Content\"";
				DEVELOPMENT_TEAM = Y64UFA9C5L;
				ENABLE_PREVIEWS = YES;
				GENERATE_INFOPLIST_FILE = YES;
				INFOPLIST_KEY_UIApplicationSceneManifest_Generation = YES;
				INFOPLIST_KEY_UIApplicationSupportsIndirectInputEvents = YES;
				INFOPLIST_KEY_UILaunchScreen_Generation = YES;
				INFOPLIST_KEY_UISupportedInterfaceOrientations_iPad = "UIInterfaceOrientationPortrait UIInterfaceOrientationPortraitUpsideDown UIInterfaceOrientationLandscapeLeft UIInterfaceOrientationLandscapeRight";
				INFOPLIST_KEY_UISupportedInterfaceOrientations_iPhone = "UIInterfaceOrientationPortrait UIInterfaceOrientationLandscapeLeft UIInterfaceOrientationLandscapeRight";
				LD_RUNPATH_SEARCH_PATHS = (
					"$(inherited)",
					"@executable_path/Frameworks",
				);
				MARKETING_VERSION = 1.0;
				PRODUCT_BUNDLE_IDENTIFIER = "Afrah.TicPic-App";
				PRODUCT_NAME = "$(TARGET_NAME)";
				SWIFT_EMIT_LOC_STRINGS = YES;
				SWIFT_VERSION = 5.0;
				TARGETED_DEVICE_FAMILY = "1,2";
			};
			name = Debug;
		};
		946FBF9E2B1326610052FDA8 /* Release */ = {
			isa = XCBuildConfiguration;
			buildSettings = {
				ASSETCATALOG_COMPILER_APPICON_NAME = AppIcon;
				ASSETCATALOG_COMPILER_GLOBAL_ACCENT_COLOR_NAME = AccentColor;
				CODE_SIGN_ENTITLEMENTS = TicPic_App/TicPic_App.entitlements;
				CODE_SIGN_STYLE = Automatic;
				CURRENT_PROJECT_VERSION = 1;
				DEVELOPMENT_ASSET_PATHS = "\"TicPic_App/Preview Content\"";
				DEVELOPMENT_TEAM = Y64UFA9C5L;
				ENABLE_PREVIEWS = YES;
				GENERATE_INFOPLIST_FILE = YES;
				INFOPLIST_KEY_UIApplicationSceneManifest_Generation = YES;
				INFOPLIST_KEY_UIApplicationSupportsIndirectInputEvents = YES;
				INFOPLIST_KEY_UILaunchScreen_Generation = YES;
				INFOPLIST_KEY_UISupportedInterfaceOrientations_iPad = "UIInterfaceOrientationPortrait UIInterfaceOrientationPortraitUpsideDown UIInterfaceOrientationLandscapeLeft UIInterfaceOrientationLandscapeRight";
				INFOPLIST_KEY_UISupportedInterfaceOrientations_iPhone = "UIInterfaceOrientationPortrait UIInterfaceOrientationLandscapeLeft UIInterfaceOrientationLandscapeRight";
				LD_RUNPATH_SEARCH_PATHS = (
					"$(inherited)",
					"@executable_path/Frameworks",
				);
				MARKETING_VERSION = 1.0;
				PRODUCT_BUNDLE_IDENTIFIER = "Afrah.TicPic-App";
				PRODUCT_NAME = "$(TARGET_NAME)";
				SWIFT_EMIT_LOC_STRINGS = YES;
				SWIFT_VERSION = 5.0;
				TARGETED_DEVICE_FAMILY = "1,2";
			};
			name = Release;
		};
/* End XCBuildConfiguration section */

/* Begin XCConfigurationList section */
		946FBF892B1326600052FDA8 /* Build configuration list for PBXProject "TicPic_App" */ = {
			isa = XCConfigurationList;
			buildConfigurations = (
				946FBF9A2B1326610052FDA8 /* Debug */,
				946FBF9B2B1326610052FDA8 /* Release */,
			);
			defaultConfigurationIsVisible = 0;
			defaultConfigurationName = Release;
		};
		946FBF9C2B1326610052FDA8 /* Build configuration list for PBXNativeTarget "TicPic_App" */ = {
			isa = XCConfigurationList;
			buildConfigurations = (
				946FBF9D2B1326610052FDA8 /* Debug */,
				946FBF9E2B1326610052FDA8 /* Release */,
			);
			defaultConfigurationIsVisible = 0;
			defaultConfigurationName = Release;
		};
/* End XCConfigurationList section */
	};
	rootObject = 946FBF862B1326600052FDA8 /* Project object */;
}
